{
  "version": 4,
  "terraform_version": "1.14.8",
  "serial": 286,
  "lineage": "41407f47-d6d2-439b-0bd1-fec0b97bc60b",
  "outputs": {},
  "resources": [
    {
      "mode": "managed",
      "type": "aws_db_instance",
      "name": "rds",
      "provider": "provider[\"registry.terraform.io/hashicorp/aws\"]",
      "instances": [
        {
          "schema_version": 2,
          "attributes": {
            "address": "terraform-20260420164736727000000006.c3i4ek6e0kxw.eu-west-3.rds.amazonaws.com",
            "allocated_storage": 10,
            "allow_major_version_upgrade": null,
            "apply_immediately": false,
            "arn": "arn:aws:rds:eu-west-3:248032057693:db:terraform-20260420164736727000000006",
            "auto_minor_version_upgrade": true,
            "availability_zone": "eu-west-3b",
            "backup_retention_period": 0,
            "backup_target": "region",
            "backup_window": "13:50-14:20",
            "blue_green_update": [],
            "ca_cert_identifier": "rds-ca-rsa2048-g1",
            "character_set_name": "",
            "copy_tags_to_snapshot": false,
            "custom_iam_instance_profile": "",
            "customer_owned_ip_enabled": false,
            "database_insights_mode": "standard",
            "db_name": "mydb",
            "db_subnet_group_name": "main",
            "dedicated_log_volume": false,
            "delete_automated_backups": true,
            "deletion_protection": false,
            "domain": "",
            "domain_auth_secret_arn": "",
            "domain_dns_ips": [],
            "domain_fqdn": "",
            "domain_iam_role_name": "",
            "domain_ou": "",
            "enabled_cloudwatch_logs_exports": [],
            "endpoint": "terraform-20260420164736727000000006.c3i4ek6e0kxw.eu-west-3.rds.amazonaws.com:3306",
            "engine": "mysql",
            "engine_lifecycle_support": "open-source-rds-extended-support",
            "engine_version": "8.4.8",
            "engine_version_actual": "8.4.8",
            "final_snapshot_identifier": null,
            "hosted_zone_id": "ZMESEXB7ZGGQ3",
            "iam_database_authentication_enabled": false,
            "id": "db-53NZLTJKV4KG4A4ZXWP2HFPBGQ",
            "identifier": "terraform-20260420164736727000000006",
            "identifier_prefix": "terraform-",
            "instance_class": "db.t3.micro",
            "iops": 0,
            "kms_key_id": "",
            "latest_restorable_time": "",
            "license_model": "general-public-license",
            "listener_endpoint": [],
            "maintenance_window": "tue:04:36-tue:05:06",
            "manage_master_user_password": null,
            "master_user_secret": [],
            "master_user_secret_kms_key_id": null,
            "max_allocated_storage": 0,
            "monitoring_interval": 0,
            "monitoring_role_arn": "",
            "multi_az": false,
            "nchar_character_set_name": "",
            "network_type": "IPV4",
            "option_group_name": "default:mysql-8-4",
            "parameter_group_name": "default.mysql8.4",
            "password": "asier5573",
            "password_wo": null,
            "password_wo_version": null,
            "performance_insights_enabled": false,
            "performance_insights_kms_key_id": "",
            "performance_insights_retention_period": 0,
            "port": 3306,
            "publicly_accessible": false,
            "region": "eu-west-3",
            "replica_mode": "",
            "replicas": [],
            "replicate_source_db": "",
            "resource_id": "db-53NZLTJKV4KG4A4ZXWP2HFPBGQ",
            "restore_to_point_in_time": [],
            "s3_import": [],
            "skip_final_snapshot": true,
            "snapshot_identifier": null,
            "status": "available",
            "storage_encrypted": false,
            "storage_throughput": 0,
            "storage_type": "gp2",
            "tags": {},
            "tags_all": {},
            "timeouts": null,
            "timezone": "",
            "upgrade_rollout_order": "second",
            "upgrade_storage_config": null,
            "username": "asierhr",
            "vpc_security_group_ids": [
              "sg-0ecb952687b661df5"
            ]
          },
          "sensitive_attributes": [
            [
              {
                "type": "get_attr",
                "value": "password"
              }
            ],
            [
              {
                "type": "get_attr",
                "value": "password_wo"
              }
            ]
          ],
          "identity_schema_version": 0,
          "private": "eyJlMmJmYjczMC1lY2FhLTExZTYtOGY4OC0zNDM2M2JjN2M0YzAiOnsiY3JlYXRlIjozMDAwMDAwMDAwMDAwLCJkZWxldGUiOjM2MDAwMDAwMDAwMDAsInVwZGF0ZSI6NDgwMDAwMDAwMDAwMH0sInNjaGVtYV92ZXJzaW9uIjoiMiJ9",
          "dependencies": [
            "aws_db_subnet_group.subnet-group",
            "aws_security_group.sg-privado",
            "aws_security_group.sg_publico",
            "aws_subnet.private1",
            "aws_subnet.private2",
            "aws_vpc.main"
          ]
        }
      ]
    },
    {
      "mode": "managed",
      "type": "aws_db_subnet_group",
      "name": "subnet-group",
      "provider": "provider[\"registry.terraform.io/hashicorp/aws\"]",
      "instances": [
        {
          "schema_version": 0,
          "attributes": {
            "arn": "arn:aws:rds:eu-west-3:248032057693:subgrp:main",
            "description": "Managed by Terraform",
            "id": "main",
            "name": "main",
            "name_prefix": "",
            "region": "eu-west-3",
            "subnet_ids": [
              "subnet-08e1869aa4b8be042",
              "subnet-09d20e082d8c36354"
            ],
            "supported_network_types": [
              "IPV4"
            ],
            "tags": {
              "Name": "subnet-group"
            },
            "tags_all": {
              "Name": "subnet-group"
            },
            "vpc_id": "vpc-020408accd7767093"
          },
          "sensitive_attributes": [],
          "identity_schema_version": 0,
          "private": "bnVsbA==",
          "dependencies": [
            "aws_subnet.private1",
            "aws_subnet.private2",
            "aws_vpc.main"
          ]
        }
      ]
    },
    {
      "mode": "managed",
      "type": "aws_iam_instance_profile",
      "name": "backend_profile",
      "provider": "provider[\"registry.terraform.io/hashicorp/aws\"]",
      "instances": [
        {
          "schema_version": 0,
          "attributes": {
            "arn": "arn:aws:iam::248032057693:instance-profile/backend-instance-profile",
            "create_date": "2026-04-20T16:47:29Z",
            "id": "backend-instance-profile",
            "name": "backend-instance-profile",
            "name_prefix": "",
            "path": "/",
            "role": "backend-role-reservas",
            "tags": {},
            "tags_all": {},
            "unique_id": "AIPATTP643FO3AZFR63SR"
          },
          "sensitive_attributes": [],
          "identity_schema_version": 0,
          "identity": {
            "account_id": "248032057693",
            "name": "backend-instance-profile"
          },
          "private": "bnVsbA==",
          "dependencies": [
            "aws_iam_role.backend_role"
          ]
        }
      ]
    },
    {
      "mode": "managed",
      "type": "aws_iam_role",
      "name": "backend_role",
      "provider": "provider[\"registry.terraform.io/hashicorp/aws\"]",
      "instances": [
        {
          "schema_version": 0,
          "attributes": {
            "arn": "arn:aws:iam::248032057693:role/backend-role-reservas",
            "assume_role_policy": "{\"Statement\":[{\"Action\":\"sts:AssumeRole\",\"Effect\":\"Allow\",\"Principal\":{\"Service\":\"ec2.amazonaws.com\"}}],\"Version\":\"2012-10-17\"}",
            "create_date": "2026-04-20T16:47:29Z",
            "description": "",
            "force_detach_policies": false,
            "id": "backend-role-reservas",
            "inline_policy": [
              {
                "name": "AllowReadSSM",
                "policy": "{\"Version\":\"2012-10-17\",\"Statement\":[{\"Action\":[\"ssm:GetParameters\",\"ssm:GetParameter\"],\"Effect\":\"Allow\",\"Resource\":\"arn:aws:ssm:*:*:parameter/config/SistemaReservas/*\"}]}"
              }
            ],
            "managed_policy_arns": [],
            "max_session_duration": 3600,
            "name": "backend-role-reservas",
            "name_prefix": "",
            "path": "/",
            "permissions_boundary": "",
            "tags": {},
            "tags_all": {},
            "unique_id": "AROATTP643FO7PDFY7PVF"
          },
          "sensitive_attributes": [],
          "identity_schema_version": 0,
          "identity": {
            "account_id": "248032057693",
            "name": "backend-role-reservas"
          },
          "private": "bnVsbA=="
        }
      ]
    },
    {
      "mode": "managed",
      "type": "aws_iam_role_policy",
      "name": "read_ssm",
      "provider": "provider[\"registry.terraform.io/hashicorp/aws\"]",
      "instances": [
        {
          "schema_version": 0,
          "attributes": {
            "id": "backend-role-reservas:AllowReadSSM",
            "name": "AllowReadSSM",
            "name_prefix": "",
            "policy": "{\"Version\":\"2012-10-17\",\"Statement\":[{\"Action\":[\"ssm:GetParameters\",\"ssm:GetParameter\"],\"Effect\":\"Allow\",\"Resource\":\"arn:aws:ssm:*:*:parameter/config/SistemaReservas/*\"}]}",
            "role": "backend-role-reservas"
          },
          "sensitive_attributes": [],
          "identity_schema_version": 0,
          "identity": {
            "account_id": "248032057693",
            "name": "AllowReadSSM",
            "role": "backend-role-reservas"
          },
          "private": "bnVsbA==",
          "dependencies": [
            "aws_iam_role.backend_role"
          ]
        }
      ]
    },
    {
      "mode": "managed",
      "type": "aws_instance",
      "name": "web1",
      "provider": "provider[\"registry.terraform.io/hashicorp/aws\"]",
      "instances": [
        {
          "schema_version": 2,
          "attributes": {
            "ami": "ami-0d8c303e6b2e300dd",
            "arn": "arn:aws:ec2:eu-west-3:248032057693:instance/i-0a86044544cf156b9",
            "associate_public_ip_address": true,
            "availability_zone": "eu-west-3a",
            "capacity_reservation_specification": [
              {
                "capacity_reservation_preference": "open",
                "capacity_reservation_target": []
              }
            ],
            "cpu_options": [
              {
                "amd_sev_snp": "",
                "core_count": 1,
                "nested_virtualization": "",
                "threads_per_core": 2
              }
            ],
            "credit_specification": [
              {
                "cpu_credits": "unlimited"
              }
            ],
            "disable_api_stop": false,
            "disable_api_termination": false,
            "ebs_block_device": [],
            "ebs_optimized": false,
            "enable_primary_ipv6": null,
            "enclave_options": [
              {
                "enabled": false
              }
            ],
            "ephemeral_block_device": [],
            "force_destroy": false,
            "get_password_data": false,
            "hibernation": false,
            "host_id": "",
            "host_resource_group_arn": null,
            "iam_instance_profile": "backend-instance-profile",
            "id": "i-0a86044544cf156b9",
            "instance_initiated_shutdown_behavior": "stop",
            "instance_lifecycle": "",
            "instance_market_options": [],
            "instance_state": "running",
            "instance_type": "t3.micro",
            "ipv6_address_count": 0,
            "ipv6_addresses": [],
            "key_name": "key-pair1",
            "launch_template": [],
            "maintenance_options": [
              {
                "auto_recovery": "default"
              }
            ],
            "metadata_options": [
              {
                "http_endpoint": "enabled",
                "http_protocol_ipv6": "disabled",
                "http_put_response_hop_limit": 2,
                "http_tokens": "required",
                "instance_metadata_tags": "disabled"
              }
            ],
            "monitoring": false,
            "network_interface": [],
            "outpost_arn": "",
            "password_data": "",
            "placement_group": "",
            "placement_group_id": "",
            "placement_partition_number": 0,
            "primary_network_interface": [
              {
                "delete_on_termination": true,
                "network_interface_id": "eni-0346240359d6ccc57"
              }
            ],
            "primary_network_interface_id": "eni-0346240359d6ccc57",
            "private_dns": "ip-10-0-0-65.eu-west-3.compute.internal",
            "private_dns_name_options": [
              {
                "enable_resource_name_dns_a_record": false,
                "enable_resource_name_dns_aaaa_record": false,
                "hostname_type": "ip-name"
              }
            ],
            "private_ip": "10.0.0.65",
            "public_dns": "ec2-13-39-242-170.eu-west-3.compute.amazonaws.com",
            "public_ip": "13.39.242.170",
            "region": "eu-west-3",
            "root_block_device": [
              {
                "delete_on_termination": true,
                "device_name": "/dev/xvda",
                "encrypted": false,
                "iops": 3000,
                "kms_key_id": "",
                "tags": {},
                "tags_all": {},
                "throughput": 125,
                "volume_id": "vol-0adb43ab80a30dcb2",
                "volume_size": 8,
                "volume_type": "gp3"
              }
            ],
            "secondary_network_interface": [],
            "secondary_private_ips": [],
            "security_groups": [],
            "source_dest_check": true,
            "spot_instance_request_id": "",
            "subnet_id": "subnet-064fec6a5d1f2abfa",
            "tags": {
              "Name": "mi-ec2-1"
            },
            "tags_all": {
              "Name": "mi-ec2-1"
            },
            "tenancy": "default",
            "timeouts": null,
            "user_data": "#!/bin/bash\nset -x\n\necho \"--- EMPEZANDO SCRIPT ---\"\n\nsudo yum update -y\nsudo yum install -y docker git\n\nsudo systemctl start docker\nsudo systemctl enable docker\nsudo usermod -aG docker ec2-user\n\nsudo mkdir -p /usr/local/lib/docker/cli-plugins/\nsudo curl -SL https://github.com/docker/compose/releases/latest/download/docker-compose-linux-x86_64 -o /usr/local/lib/docker/cli-plugins/docker-compose\nsudo chmod +x /usr/local/lib/docker/cli-plugins/docker-compose\nsudo ln -sf /usr/local/lib/docker/cli-plugins/docker-compose /usr/bin/docker-compose\n\ncd /home/ec2-user\ngit clone https://github.com/asierhr/SistemaReserva.git\ncd SistemaReserva/Docker-Compose-AWS\n\nsudo docker-compose up -d\n\necho \"--- SCRIPT FINALIZADO ---\"\n",
            "user_data_base64": null,
            "user_data_replace_on_change": false,
            "volume_tags": null,
            "vpc_security_group_ids": [
              "sg-05b5635c6ca3a2c35"
            ]
          },
          "sensitive_attributes": [],
          "identity_schema_version": 0,
          "identity": {
            "account_id": "248032057693",
            "id": "i-0a86044544cf156b9",
            "region": "eu-west-3"
          },
          "private": "eyJlMmJmYjczMC1lY2FhLTExZTYtOGY4OC0zNDM2M2JjN2M0YzAiOnsiY3JlYXRlIjo2MDAwMDAwMDAwMDAsImRlbGV0ZSI6MTIwMDAwMDAwMDAwMCwicmVhZCI6OTAwMDAwMDAwMDAwLCJ1cGRhdGUiOjYwMDAwMDAwMDAwMH0sInNjaGVtYV92ZXJzaW9uIjoiMiJ9",
          "dependencies": [
            "aws_db_instance.rds",
            "aws_db_subnet_group.subnet-group",
            "aws_iam_instance_profile.backend_profile",
            "aws_iam_role.backend_role",
            "aws_security_group.sg-privado",
            "aws_security_group.sg_publico",
            "aws_subnet.private1",
            "aws_subnet.private2",
            "aws_subnet.public1",
            "aws_vpc.main"
          ]
        }
      ]
    },
    {
      "mode": "managed",
      "type": "aws_instance",
      "name": "web2",
      "provider": "provider[\"registry.terraform.io/hashicorp/aws\"]",
      "instances": [
        {
          "schema_version": 2,
          "attributes": {
            "ami": "ami-0d8c303e6b2e300dd",
            "arn": "arn:aws:ec2:eu-west-3:248032057693:instance/i-03d2ee09d5aee70f6",
            "associate_public_ip_address": true,
            "availability_zone": "eu-west-3a",
            "capacity_reservation_specification": [
              {
                "capacity_reservation_preference": "open",
                "capacity_reservation_target": []
              }
            ],
            "cpu_options": [
              {
                "amd_sev_snp": "",
                "core_count": 1,
                "nested_virtualization": "",
                "threads_per_core": 2
              }
            ],
            "credit_specification": [
              {
                "cpu_credits": "unlimited"
              }
            ],
            "disable_api_stop": false,
            "disable_api_termination": false,
            "ebs_block_device": [],
            "ebs_optimized": false,
            "enable_primary_ipv6": null,
            "enclave_options": [
              {
                "enabled": false
              }
            ],
            "ephemeral_block_device": [],
            "force_destroy": false,
            "get_password_data": false,
            "hibernation": false,
            "host_id": "",
            "host_resource_group_arn": null,
            "iam_instance_profile": "backend-instance-profile",
            "id": "i-03d2ee09d5aee70f6",
            "instance_initiated_shutdown_behavior": "stop",
            "instance_lifecycle": "",
            "instance_market_options": [],
            "instance_state": "running",
            "instance_type": "t3.micro",
            "ipv6_address_count": 0,
            "ipv6_addresses": [],
            "key_name": "key-pair1",
            "launch_template": [],
            "maintenance_options": [
              {
                "auto_recovery": "default"
              }
            ],
            "metadata_options": [
              {
                "http_endpoint": "enabled",
                "http_protocol_ipv6": "disabled",
                "http_put_response_hop_limit": 2,
                "http_tokens": "required",
                "instance_metadata_tags": "disabled"
              }
            ],
            "monitoring": false,
            "network_interface": [],
            "outpost_arn": "",
            "password_data": "",
            "placement_group": "",
            "placement_group_id": "",
            "placement_partition_number": 0,
            "primary_network_interface": [
              {
                "delete_on_termination": true,
                "network_interface_id": "eni-005eac93ba0b9f5af"
              }
            ],
            "primary_network_interface_id": "eni-005eac93ba0b9f5af",
            "private_dns": "ip-10-0-1-216.eu-west-3.compute.internal",
            "private_dns_name_options": [
              {
                "enable_resource_name_dns_a_record": false,
                "enable_resource_name_dns_aaaa_record": false,
                "hostname_type": "ip-name"
              }
            ],
            "private_ip": "10.0.1.216",
            "public_dns": "ec2-13-39-158-138.eu-west-3.compute.amazonaws.com",
            "public_ip": "13.39.158.138",
            "region": "eu-west-3",
            "root_block_device": [
              {
                "delete_on_termination": true,
                "device_name": "/dev/xvda",
                "encrypted": false,
                "iops": 3000,
                "kms_key_id": "",
                "tags": {},
                "tags_all": {},
                "throughput": 125,
                "volume_id": "vol-005595b611675040d",
                "volume_size": 8,
                "volume_type": "gp3"
              }
            ],
            "secondary_network_interface": [],
            "secondary_private_ips": [],
            "security_groups": [],
            "source_dest_check": true,
            "spot_instance_request_id": "",
            "subnet_id": "subnet-0667e69ef8e44a10b",
            "tags": {
              "Name": "mi-ec2-2"
            },
            "tags_all": {
              "Name": "mi-ec2-2"
            },
            "tenancy": "default",
            "timeouts": null,
            "user_data": "#!/bin/bash\nset -x\n\necho \"--- EMPEZANDO SCRIPT ---\"\n\nsudo yum update -y\nsudo yum install -y docker git\n\nsudo systemctl start docker\nsudo systemctl enable docker\nsudo usermod -aG docker ec2-user\n\nsudo mkdir -p /usr/local/lib/docker/cli-plugins/\nsudo curl -SL https://github.com/docker/compose/releases/latest/download/docker-compose-linux-x86_64 -o /usr/local/lib/docker/cli-plugins/docker-compose\nsudo chmod +x /usr/local/lib/docker/cli-plugins/docker-compose\nsudo ln -sf /usr/local/lib/docker/cli-plugins/docker-compose /usr/bin/docker-compose\n\ncd /home/ec2-user\ngit clone https://github.com/asierhr/SistemaReserva.git\ncd SistemaReserva/Docker-Compose-AWS\n\nsudo docker-compose up -d\n\necho \"--- SCRIPT FINALIZADO ---\"\n",
            "user_data_base64": null,
            "user_data_replace_on_change": false,
            "volume_tags": null,
            "vpc_security_group_ids": [
              "sg-05b5635c6ca3a2c35"
            ]
          },
          "sensitive_attributes": [],
          "identity_schema_version": 0,
          "identity": {
            "account_id": "248032057693",
            "id": "i-03d2ee09d5aee70f6",
            "region": "eu-west-3"
          },
          "private": "eyJlMmJmYjczMC1lY2FhLTExZTYtOGY4OC0zNDM2M2JjN2M0YzAiOnsiY3JlYXRlIjo2MDAwMDAwMDAwMDAsImRlbGV0ZSI6MTIwMDAwMDAwMDAwMCwicmVhZCI6OTAwMDAwMDAwMDAwLCJ1cGRhdGUiOjYwMDAwMDAwMDAwMH0sInNjaGVtYV92ZXJzaW9uIjoiMiJ9",
          "dependencies": [
            "aws_db_instance.rds",
            "aws_db_subnet_group.subnet-group",
            "aws_iam_instance_profile.backend_profile",
            "aws_iam_role.backend_role",
            "aws_security_group.sg-privado",
            "aws_security_group.sg_publico",
            "aws_subnet.private1",
            "aws_subnet.private2",
            "aws_subnet.public2",
            "aws_vpc.main"
          ]
        }
      ]
    },
    {
      "mode": "managed",
      "type": "aws_internet_gateway",
      "name": "gw",
      "provider": "provider[\"registry.terraform.io/hashicorp/aws\"]",
      "instances": [
        {
          "schema_version": 0,
          "attributes": {
            "arn": "arn:aws:ec2:eu-west-3:248032057693:internet-gateway/igw-0098e3282ee233a65",
            "id": "igw-0098e3282ee233a65",
            "owner_id": "248032057693",
            "region": "eu-west-3",
            "tags": {},
            "tags_all": {},
            "timeouts": null,
            "vpc_id": "vpc-020408accd7767093"
          },
          "sensitive_attributes": [],
          "identity_schema_version": 0,
          "private": "eyJlMmJmYjczMC1lY2FhLTExZTYtOGY4OC0zNDM2M2JjN2M0YzAiOnsiY3JlYXRlIjoxMjAwMDAwMDAwMDAwLCJkZWxldGUiOjEyMDAwMDAwMDAwMDAsInVwZGF0ZSI6MTIwMDAwMDAwMDAwMH19",
          "dependencies": [
            "aws_vpc.main"
          ]
        }
      ]
    },
    {
      "mode": "managed",
      "type": "aws_network_acl",
      "name": "acl_privado",
      "provider": "provider[\"registry.terraform.io/hashicorp/aws\"]",
      "instances": [
        {
          "schema_version": 0,
          "attributes": {
            "arn": "arn:aws:ec2:eu-west-3:248032057693:network-acl/acl-036448e7455abf0db",
            "egress": [
              {
                "action": "allow",
                "cidr_block": "10.0.0.0/24",
                "from_port": 1024,
                "icmp_code": 0,
                "icmp_type": 0,
                "ipv6_cidr_block": "",
                "protocol": "6",
                "rule_no": 100,
                "to_port": 65535
              },
              {
                "action": "allow",
                "cidr_block": "10.0.1.0/24",
                "from_port": 1024,
                "icmp_code": 0,
                "icmp_type": 0,
                "ipv6_cidr_block": "",
                "protocol": "6",
                "rule_no": 110,
                "to_port": 65535
              }
            ],
            "id": "acl-036448e7455abf0db",
            "ingress": [
              {
                "action": "allow",
                "cidr_block": "10.0.0.0/24",
                "from_port": 5432,
                "icmp_code": null,
                "icmp_type": null,
                "ipv6_cidr_block": null,
                "protocol": "tcp",
                "rule_no": 100,
                "to_port": 5432
              },
              {
                "action": "allow",
                "cidr_block": "10.0.1.0/24",
                "from_port": 5432,
                "icmp_code": null,
                "icmp_type": null,
                "ipv6_cidr_block": null,
                "protocol": "tcp",
                "rule_no": 110,
                "to_port": 5432
              }
            ],
            "owner_id": "248032057693",
            "region": "eu-west-3",
            "subnet_ids": [
              "subnet-08e1869aa4b8be042",
              "subnet-09d20e082d8c36354"
            ],
            "tags": {
              "Name": "acl-privado"
            },
            "tags_all": {
              "Name": "acl-privado"
            },
            "vpc_id": "vpc-020408accd7767093"
          },
          "sensitive_attributes": [],
          "identity_schema_version": 0,
          "private": "bnVsbA==",
          "dependencies": [
            "aws_subnet.private1",
            "aws_subnet.private2",
            "aws_vpc.main"
          ]
        }
      ]
    },
    {
      "mode": "managed",
      "type": "aws_network_acl",
      "name": "acl_publico",
      "provider": "provider[\"registry.terraform.io/hashicorp/aws\"]",
      "instances": [
        {
          "schema_version": 0,
          "attributes": {
            "arn": "arn:aws:ec2:eu-west-3:248032057693:network-acl/acl-06a5b93e9b4043e6c",
            "egress": [
              {
                "action": "allow",
                "cidr_block": "0.0.0.0/0",
                "from_port": 0,
                "icmp_code": 0,
                "icmp_type": 0,
                "ipv6_cidr_block": "",
                "protocol": "-1",
                "rule_no": 100,
                "to_port": 0
              }
            ],
            "id": "acl-06a5b93e9b4043e6c",
            "ingress": [
              {
                "action": "allow",
                "cidr_block": "0.0.0.0/0",
                "from_port": 1024,
                "icmp_code": null,
                "icmp_type": null,
                "ipv6_cidr_block": "",
                "protocol": "tcp",
                "rule_no": 140,
                "to_port": 65535
              },
              {
                "action": "allow",
                "cidr_block": "0.0.0.0/0",
                "from_port": 80,
                "icmp_code": null,
                "icmp_type": null,
                "ipv6_cidr_block": null,
                "protocol": "tcp",
                "rule_no": 110,
                "to_port": 80
              },
              {
                "action": "allow",
                "cidr_block": "10.0.2.0/24",
                "from_port": 5432,
                "icmp_code": null,
                "icmp_type": null,
                "ipv6_cidr_block": null,
                "protocol": "tcp",
                "rule_no": 120,
                "to_port": 5432
              },
              {
                "action": "allow",
                "cidr_block": "10.0.3.0/24",
                "from_port": 5432,
                "icmp_code": null,
                "icmp_type": null,
                "ipv6_cidr_block": null,
                "protocol": "tcp",
                "rule_no": 130,
                "to_port": 5432
              },
              {
                "action": "allow",
                "cidr_block": "85.87.5.203/32",
                "from_port": 22,
                "icmp_code": null,
                "icmp_type": null,
                "ipv6_cidr_block": null,
                "protocol": "tcp",
                "rule_no": 100,
                "to_port": 22
              }
            ],
            "owner_id": "248032057693",
            "region": "eu-west-3",
            "subnet_ids": [
              "subnet-064fec6a5d1f2abfa",
              "subnet-0667e69ef8e44a10b"
            ],
            "tags": {
              "Name": "acl-publico"
            },
            "tags_all": {
              "Name": "acl-publico"
            },
            "vpc_id": "vpc-020408accd7767093"
          },
          "sensitive_attributes": [],
          "identity_schema_version": 0,
          "private": "bnVsbA==",
          "dependencies": [
            "aws_subnet.public1",
            "aws_subnet.public2",
            "aws_vpc.main"
          ]
        }
      ]
    },
    {
      "mode": "managed",
      "type": "aws_route",
      "name": "internet_access",
      "provider": "provider[\"registry.terraform.io/hashicorp/aws\"]",
      "instances": [
        {
          "schema_version": 0,
          "attributes": {
            "carrier_gateway_id": "",
            "core_network_arn": "",
            "destination_cidr_block": "0.0.0.0/0",
            "destination_ipv6_cidr_block": "",
            "destination_prefix_list_id": "",
            "egress_only_gateway_id": "",
            "gateway_id": "igw-0098e3282ee233a65",
            "id": "r-rtb-054a4568a1f4a3abf1080289494",
            "instance_id": "",
            "instance_owner_id": "",
            "local_gateway_id": "",
            "nat_gateway_id": "",
            "network_interface_id": "",
            "origin": "CreateRoute",
            "region": "eu-west-3",
            "route_table_id": "rtb-054a4568a1f4a3abf",
            "state": "active",
            "timeouts": null,
            "transit_gateway_id": "",
            "vpc_endpoint_id": "",
            "vpc_peering_connection_id": ""
          },
          "sensitive_attributes": [],
          "identity_schema_version": 0,
          "identity": {
            "account_id": "248032057693",
            "destination_cidr_block": "0.0.0.0/0",
            "destination_ipv6_cidr_block": null,
            "destination_prefix_list_id": null,
            "region": "eu-west-3",
            "route_table_id": "rtb-054a4568a1f4a3abf"
          },
          "private": "eyJlMmJmYjczMC1lY2FhLTExZTYtOGY4OC0zNDM2M2JjN2M0YzAiOnsiY3JlYXRlIjozMDAwMDAwMDAwMDAsImRlbGV0ZSI6MzAwMDAwMDAwMDAwLCJ1cGRhdGUiOjEyMDAwMDAwMDAwMH19",
          "dependencies": [
            "aws_internet_gateway.gw",
            "aws_route_table.rt-public",
            "aws_vpc.main"
          ]
        }
      ]
    },
    {
      "mode": "managed",
      "type": "aws_route_table",
      "name": "rt-private",
      "provider": "provider[\"registry.terraform.io/hashicorp/aws\"]",
      "instances": [
        {
          "schema_version": 0,
          "attributes": {
            "arn": "arn:aws:ec2:eu-west-3:248032057693:route-table/rtb-04104b88adf0dd10b",
            "id": "rtb-04104b88adf0dd10b",
            "owner_id": "248032057693",
            "propagating_vgws": [],
            "region": "eu-west-3",
            "route": [],
            "tags": {},
            "tags_all": {},
            "timeouts": null,
            "vpc_id": "vpc-020408accd7767093"
          },
          "sensitive_attributes": [],
          "identity_schema_version": 0,
          "identity": {
            "account_id": "248032057693",
            "id": "rtb-04104b88adf0dd10b",
            "region": "eu-west-3"
          },
          "private": "eyJlMmJmYjczMC1lY2FhLTExZTYtOGY4OC0zNDM2M2JjN2M0YzAiOnsiY3JlYXRlIjozMDAwMDAwMDAwMDAsImRlbGV0ZSI6MzAwMDAwMDAwMDAwLCJ1cGRhdGUiOjEyMDAwMDAwMDAwMH19",
          "dependencies": [
            "aws_vpc.main"
          ]
        }
      ]
    },
    {
      "mode": "managed",
      "type": "aws_route_table",
      "name": "rt-public",
      "provider": "provider[\"registry.terraform.io/hashicorp/aws\"]",
      "instances": [
        {
          "schema_version": 0,
          "attributes": {
            "arn": "arn:aws:ec2:eu-west-3:248032057693:route-table/rtb-054a4568a1f4a3abf",
            "id": "rtb-054a4568a1f4a3abf",
            "owner_id": "248032057693",
            "propagating_vgws": [],
            "region": "eu-west-3",
            "route": [
              {
                "carrier_gateway_id": "",
                "cidr_block": "0.0.0.0/0",
                "core_network_arn": "",
                "destination_prefix_list_id": "",
                "egress_only_gateway_id": "",
                "gateway_id": "igw-0098e3282ee233a65",
                "ipv6_cidr_block": "",
                "local_gateway_id": "",
                "nat_gateway_id": "",
                "network_interface_id": "",
                "transit_gateway_id": "",
                "vpc_endpoint_id": "",
                "vpc_peering_connection_id": ""
              }
            ],
            "tags": {},
            "tags_all": {},
            "timeouts": null,
            "vpc_id": "vpc-020408accd7767093"
          },
          "sensitive_attributes": [],
          "identity_schema_version": 0,
          "identity": {
            "account_id": "248032057693",
            "id": "rtb-054a4568a1f4a3abf",
            "region": "eu-west-3"
          },
          "private": "eyJlMmJmYjczMC1lY2FhLTExZTYtOGY4OC0zNDM2M2JjN2M0YzAiOnsiY3JlYXRlIjozMDAwMDAwMDAwMDAsImRlbGV0ZSI6MzAwMDAwMDAwMDAwLCJ1cGRhdGUiOjEyMDAwMDAwMDAwMH19",
          "dependencies": [
            "aws_vpc.main"
          ]
        }
      ]
    },
    {
      "mode": "managed",
      "type": "aws_route_table_association",
      "name": "a1",
      "provider": "provider[\"registry.terraform.io/hashicorp/aws\"]",
      "instances": [
        {
          "schema_version": 0,
          "attributes": {
            "gateway_id": "",
            "id": "rtbassoc-0988d7809670655b6",
            "region": "eu-west-3",
            "route_table_id": "rtb-054a4568a1f4a3abf",
            "subnet_id": "subnet-064fec6a5d1f2abfa",
            "timeouts": null
          },
          "sensitive_attributes": [],
          "identity_schema_version": 0,
          "identity": {
            "account_id": "248032057693",
            "id": "rtbassoc-0988d7809670655b6",
            "region": "eu-west-3"
          },
          "private": "eyJlMmJmYjczMC1lY2FhLTExZTYtOGY4OC0zNDM2M2JjN2M0YzAiOnsiY3JlYXRlIjozMDAwMDAwMDAwMDAsImRlbGV0ZSI6MzAwMDAwMDAwMDAwLCJ1cGRhdGUiOjEyMDAwMDAwMDAwMH19",
          "dependencies": [
            "aws_route_table.rt-public",
            "aws_subnet.public1",
            "aws_vpc.main"
          ]
        }
      ]
    },
    {
      "mode": "managed",
      "type": "aws_route_table_association",
      "name": "a2",
      "provider": "provider[\"registry.terraform.io/hashicorp/aws\"]",
      "instances": [
        {
          "schema_version": 0,
          "attributes": {
            "gateway_id": "",
            "id": "rtbassoc-029963e62f65c00ef",
            "region": "eu-west-3",
            "route_table_id": "rtb-054a4568a1f4a3abf",
            "subnet_id": "subnet-0667e69ef8e44a10b",
            "timeouts": null
          },
          "sensitive_attributes": [],
          "identity_schema_version": 0,
          "identity": {
            "account_id": "248032057693",
            "id": "rtbassoc-029963e62f65c00ef",
            "region": "eu-west-3"
          },
          "private": "eyJlMmJmYjczMC1lY2FhLTExZTYtOGY4OC0zNDM2M2JjN2M0YzAiOnsiY3JlYXRlIjozMDAwMDAwMDAwMDAsImRlbGV0ZSI6MzAwMDAwMDAwMDAwLCJ1cGRhdGUiOjEyMDAwMDAwMDAwMH19",
          "dependencies": [
            "aws_route_table.rt-public",
            "aws_subnet.public2",
            "aws_vpc.main"
          ]
        }
      ]
    },
    {
      "mode": "managed",
      "type": "aws_route_table_association",
      "name": "a3",
      "provider": "provider[\"registry.terraform.io/hashicorp/aws\"]",
      "instances": [
        {
          "schema_version": 0,
          "attributes": {
            "gateway_id": "",
            "id": "rtbassoc-00cb0ea30fb179bba",
            "region": "eu-west-3",
            "route_table_id": "rtb-04104b88adf0dd10b",
            "subnet_id": "subnet-09d20e082d8c36354",
            "timeouts": null
          },
          "sensitive_attributes": [],
          "identity_schema_version": 0,
          "identity": {
            "account_id": "248032057693",
            "id": "rtbassoc-00cb0ea30fb179bba",
            "region": "eu-west-3"
          },
          "private": "eyJlMmJmYjczMC1lY2FhLTExZTYtOGY4OC0zNDM2M2JjN2M0YzAiOnsiY3JlYXRlIjozMDAwMDAwMDAwMDAsImRlbGV0ZSI6MzAwMDAwMDAwMDAwLCJ1cGRhdGUiOjEyMDAwMDAwMDAwMH19",
          "dependencies": [
            "aws_route_table.rt-private",
            "aws_subnet.private1",
            "aws_vpc.main"
          ]
        }
      ]
    },
    {
      "mode": "managed",
      "type": "aws_route_table_association",
      "name": "a4",
      "provider": "provider[\"registry.terraform.io/hashicorp/aws\"]",
      "instances": [
        {
          "schema_version": 0,
          "attributes": {
            "gateway_id": "",
            "id": "rtbassoc-05ae411cb017e3d0f",
            "region": "eu-west-3",
            "route_table_id": "rtb-04104b88adf0dd10b",
            "subnet_id": "subnet-08e1869aa4b8be042",
            "timeouts": null
          },
          "sensitive_attributes": [],
          "identity_schema_version": 0,
          "identity": {
            "account_id": "248032057693",
            "id": "rtbassoc-05ae411cb017e3d0f",
            "region": "eu-west-3"
          },
          "private": "eyJlMmJmYjczMC1lY2FhLTExZTYtOGY4OC0zNDM2M2JjN2M0YzAiOnsiY3JlYXRlIjozMDAwMDAwMDAwMDAsImRlbGV0ZSI6MzAwMDAwMDAwMDAwLCJ1cGRhdGUiOjEyMDAwMDAwMDAwMH19",
          "dependencies": [
            "aws_route_table.rt-private",
            "aws_subnet.private2",
            "aws_vpc.main"
          ]
        }
      ]
    },
    {
      "mode": "managed",
      "type": "aws_security_group",
      "name": "sg-privado",
      "provider": "provider[\"registry.terraform.io/hashicorp/aws\"]",
      "instances": [
        {
          "schema_version": 1,
          "attributes": {
            "arn": "arn:aws:ec2:eu-west-3:248032057693:security-group/sg-0ecb952687b661df5",
            "description": "Managed by Terraform",
            "egress": [
              {
                "cidr_blocks": [
                  "0.0.0.0/0"
                ],
                "description": "",
                "from_port": 0,
                "ipv6_cidr_blocks": [],
                "prefix_list_ids": [],
                "protocol": "tcp",
                "security_groups": [],
                "self": false,
                "to_port": 0
              }
            ],
            "id": "sg-0ecb952687b661df5",
            "ingress": [
              {
                "cidr_blocks": [],
                "description": "",
                "from_port": 5432,
                "ipv6_cidr_blocks": [],
                "prefix_list_ids": [],
                "protocol": "tcp",
                "security_groups": [
                  "sg-05b5635c6ca3a2c35"
                ],
                "self": false,
                "to_port": 5432
              }
            ],
            "name": "terraform-20260420164732964900000004",
            "name_prefix": "terraform-",
            "owner_id": "248032057693",
            "region": "eu-west-3",
            "revoke_rules_on_delete": false,
            "tags": {
              "Name": "sg-privado"
            },
            "tags_all": {
              "Name": "sg-privado"
            },
            "timeouts": null,
            "vpc_id": "vpc-020408accd7767093"
          },
          "sensitive_attributes": [],
          "identity_schema_version": 0,
          "identity": {
            "account_id": "248032057693",
            "id": "sg-0ecb952687b661df5",
            "region": "eu-west-3"
          },
          "private": "eyJlMmJmYjczMC1lY2FhLTExZTYtOGY4OC0zNDM2M2JjN2M0YzAiOnsiY3JlYXRlIjo2MDAwMDAwMDAwMDAsImRlbGV0ZSI6OTAwMDAwMDAwMDAwfSwic2NoZW1hX3ZlcnNpb24iOiIxIn0=",
          "dependencies": [
            "aws_security_group.sg_publico",
            "aws_vpc.main"
          ]
        }
      ]
    },
    {
      "mode": "managed",
      "type": "aws_security_group",
      "name": "sg_publico",
      "provider": "provider[\"registry.terraform.io/hashicorp/aws\"]",
      "instances": [
        {
          "schema_version": 1,
          "attributes": {
            "arn": "arn:aws:ec2:eu-west-3:248032057693:security-group/sg-05b5635c6ca3a2c35",
            "description": "Managed by Terraform",
            "egress": [
              {
                "cidr_blocks": [
                  "0.0.0.0/0"
                ],
                "description": "",
                "from_port": 0,
                "ipv6_cidr_blocks": [],
                "prefix_list_ids": [],
                "protocol": "-1",
                "security_groups": [],
                "self": false,
                "to_port": 0
              }
            ],
            "id": "sg-05b5635c6ca3a2c35",
            "ingress": [
              {
                "cidr_blocks": [
                  "0.0.0.0/0"
                ],
                "description": "",
                "from_port": 80,
                "ipv6_cidr_blocks": [],
                "prefix_list_ids": [],
                "protocol": "tcp",
                "security_groups": [],
                "self": false,
                "to_port": 80
              },
              {
                "cidr_blocks": [
                  "85.87.5.203/32"
                ],
                "description": "",
                "from_port": 22,
                "ipv6_cidr_blocks": [],
                "prefix_list_ids": [],
                "protocol": "tcp",
                "security_groups": [],
                "self": false,
                "to_port": 22
              }
            ],
            "name": "terraform-20260420164730560800000003",
            "name_prefix": "terraform-",
            "owner_id": "248032057693",
            "region": "eu-west-3",
            "revoke_rules_on_delete": false,
            "tags": {
              "Name": "sg-publico"
            },
            "tags_all": {
              "Name": "sg-publico"
            },
            "timeouts": null,
            "vpc_id": "vpc-020408accd7767093"
          },
          "sensitive_attributes": [],
          "identity_schema_version": 0,
          "identity": {
            "account_id": "248032057693",
            "id": "sg-05b5635c6ca3a2c35",
            "region": "eu-west-3"
          },
          "private": "eyJlMmJmYjczMC1lY2FhLTExZTYtOGY4OC0zNDM2M2JjN2M0YzAiOnsiY3JlYXRlIjo2MDAwMDAwMDAwMDAsImRlbGV0ZSI6OTAwMDAwMDAwMDAwfSwic2NoZW1hX3ZlcnNpb24iOiIxIn0=",
          "dependencies": [
            "aws_vpc.main"
          ]
        }
      ]
    },
    {
      "mode": "managed",
      "type": "aws_ssm_parameter",
      "name": "db_endpoint",
      "provider": "provider[\"registry.terraform.io/hashicorp/aws\"]",
      "instances": [
        {
          "schema_version": 0,
          "attributes": {
            "allowed_pattern": "",
            "arn": "arn:aws:ssm:eu-west-3:248032057693:parameter/config/SistemaReservas/spring.datasource.url",
            "data_type": "text",
            "description": "",
            "has_value_wo": false,
            "id": "/config/SistemaReservas/spring.datasource.url",
            "insecure_value": null,
            "key_id": "",
            "name": "/config/SistemaReservas/spring.datasource.url",
            "overwrite": null,
            "region": "eu-west-3",
            "tags": {},
            "tags_all": {},
            "tier": "Standard",
            "type": "String",
            "value": "jdbc:mysql://terraform-20260420164736727000000006.c3i4ek6e0kxw.eu-west-3.rds.amazonaws.com/my_db",
            "value_wo": null,
            "value_wo_version": null,
            "version": 1
          },
          "sensitive_attributes": [
            [
              {
                "type": "get_attr",
                "value": "value"
              }
            ],
            [
              {
                "type": "get_attr",
                "value": "value_wo"
              }
            ]
          ],
          "identity_schema_version": 0,
          "identity": {
            "account_id": "248032057693",
            "name": "/config/SistemaReservas/spring.datasource.url",
            "region": "eu-west-3"
          },
          "private": "bnVsbA==",
          "dependencies": [
            "aws_db_instance.rds",
            "aws_db_subnet_group.subnet-group",
            "aws_security_group.sg-privado",
            "aws_security_group.sg_publico",
            "aws_subnet.private1",
            "aws_subnet.private2",
            "aws_vpc.main"
          ]
        }
      ]
    },
    {
      "mode": "managed",
      "type": "aws_ssm_parameter",
      "name": "db_password",
      "provider": "provider[\"registry.terraform.io/hashicorp/aws\"]",
      "instances": [
        {
          "schema_version": 0,
          "attributes": {
            "allowed_pattern": "",
            "arn": "arn:aws:ssm:eu-west-3:248032057693:parameter/config/SistemaReservas/spring.datasource.password",
            "data_type": "text",
            "description": "",
            "has_value_wo": false,
            "id": "/config/SistemaReservas/spring.datasource.password",
            "insecure_value": null,
            "key_id": "alias/aws/ssm",
            "name": "/config/SistemaReservas/spring.datasource.password",
            "overwrite": null,
            "region": "eu-west-3",
            "tags": {},
            "tags_all": {},
            "tier": "Standard",
            "type": "SecureString",
            "value": "asier5573",
            "value_wo": null,
            "value_wo_version": null,
            "version": 1
          },
          "sensitive_attributes": [
            [
              {
                "type": "get_attr",
                "value": "value"
              }
            ],
            [
              {
                "type": "get_attr",
                "value": "value_wo"
              }
            ]
          ],
          "identity_schema_version": 0,
          "identity": {
            "account_id": "248032057693",
            "name": "/config/SistemaReservas/spring.datasource.password",
            "region": "eu-west-3"
          },
          "private": "bnVsbA==",
          "dependencies": [
            "aws_db_instance.rds",
            "aws_db_subnet_group.subnet-group",
            "aws_security_group.sg-privado",
            "aws_security_group.sg_publico",
            "aws_subnet.private1",
            "aws_subnet.private2",
            "aws_vpc.main"
          ]
        }
      ]
    },
    {
      "mode": "managed",
      "type": "aws_ssm_parameter",
      "name": "db_user",
      "provider": "provider[\"registry.terraform.io/hashicorp/aws\"]",
      "instances": [
        {
          "schema_version": 0,
          "attributes": {
            "allowed_pattern": "",
            "arn": "arn:aws:ssm:eu-west-3:248032057693:parameter/config/SistemaReservas/spring.datasource.username",
            "data_type": "text",
            "description": "",
            "has_value_wo": false,
            "id": "/config/SistemaReservas/spring.datasource.username",
            "insecure_value": null,
            "key_id": "",
            "name": "/config/SistemaReservas/spring.datasource.username",
            "overwrite": null,
            "region": "eu-west-3",
            "tags": {},
            "tags_all": {},
            "tier": "Standard",
            "type": "String",
            "value": "asierhr",
            "value_wo": null,
            "value_wo_version": null,
            "version": 1
          },
          "sensitive_attributes": [
            [
              {
                "type": "get_attr",
                "value": "value"
              }
            ],
            [
              {
                "type": "get_attr",
                "value": "value_wo"
              }
            ]
          ],
          "identity_schema_version": 0,
          "identity": {
            "account_id": "248032057693",
            "name": "/config/SistemaReservas/spring.datasource.username",
            "region": "eu-west-3"
          },
          "private": "bnVsbA==",
          "dependencies": [
            "aws_db_instance.rds",
            "aws_db_subnet_group.subnet-group",
            "aws_security_group.sg-privado",
            "aws_security_group.sg_publico",
            "aws_subnet.private1",
            "aws_subnet.private2",
            "aws_vpc.main"
          ]
        }
      ]
    },
    {
      "mode": "managed",
      "type": "aws_subnet",
      "name": "private1",
      "provider": "provider[\"registry.terraform.io/hashicorp/aws\"]",
      "instances": [
        {
          "schema_version": 1,
          "attributes": {
            "arn": "arn:aws:ec2:eu-west-3:248032057693:subnet/subnet-09d20e082d8c36354",
            "assign_ipv6_address_on_creation": false,
            "availability_zone": "eu-west-3a",
            "availability_zone_id": "euw3-az1",
            "cidr_block": "10.0.2.0/24",
            "customer_owned_ipv4_pool": "",
            "enable_dns64": false,
            "enable_lni_at_device_index": 0,
            "enable_resource_name_dns_a_record_on_launch": false,
            "enable_resource_name_dns_aaaa_record_on_launch": false,
            "id": "subnet-09d20e082d8c36354",
            "ipv4_ipam_pool_id": null,
            "ipv4_netmask_length": null,
            "ipv6_cidr_block": "",
            "ipv6_cidr_block_association_id": "",
            "ipv6_ipam_pool_id": null,
            "ipv6_native": false,
            "ipv6_netmask_length": null,
            "map_customer_owned_ip_on_launch": false,
            "map_public_ip_on_launch": false,
            "outpost_arn": "",
            "owner_id": "248032057693",
            "private_dns_hostname_type_on_launch": "ip-name",
            "region": "eu-west-3",
            "tags": {
              "Name": "subnet-private1"
            },
            "tags_all": {
              "Name": "subnet-private1"
            },
            "timeouts": null,
            "vpc_id": "vpc-020408accd7767093"
          },
          "sensitive_attributes": [],
          "identity_schema_version": 0,
          "identity": {
            "account_id": "248032057693",
            "id": "subnet-09d20e082d8c36354",
            "region": "eu-west-3"
          },
          "private": "eyJlMmJmYjczMC1lY2FhLTExZTYtOGY4OC0zNDM2M2JjN2M0YzAiOnsiY3JlYXRlIjo2MDAwMDAwMDAwMDAsImRlbGV0ZSI6MTIwMDAwMDAwMDAwMH0sInNjaGVtYV92ZXJzaW9uIjoiMSJ9",
          "dependencies": [
            "aws_vpc.main"
          ]
        }
      ]
    },
    {
      "mode": "managed",
      "type": "aws_subnet",
      "name": "private2",
      "provider": "provider[\"registry.terraform.io/hashicorp/aws\"]",
      "instances": [
        {
          "schema_version": 1,
          "attributes": {
            "arn": "arn:aws:ec2:eu-west-3:248032057693:subnet/subnet-08e1869aa4b8be042",
            "assign_ipv6_address_on_creation": false,
            "availability_zone": "eu-west-3b",
            "availability_zone_id": "euw3-az2",
            "cidr_block": "10.0.3.0/24",
            "customer_owned_ipv4_pool": "",
            "enable_dns64": false,
            "enable_lni_at_device_index": 0,
            "enable_resource_name_dns_a_record_on_launch": false,
            "enable_resource_name_dns_aaaa_record_on_launch": false,
            "id": "subnet-08e1869aa4b8be042",
            "ipv4_ipam_pool_id": null,
            "ipv4_netmask_length": null,
            "ipv6_cidr_block": "",
            "ipv6_cidr_block_association_id": "",
            "ipv6_ipam_pool_id": null,
            "ipv6_native": false,
            "ipv6_netmask_length": null,
            "map_customer_owned_ip_on_launch": false,
            "map_public_ip_on_launch": false,
            "outpost_arn": "",
            "owner_id": "248032057693",
            "private_dns_hostname_type_on_launch": "ip-name",
            "region": "eu-west-3",
            "tags": {
              "Name": "subnet-private2"
            },
            "tags_all": {
              "Name": "subnet-private2"
            },
            "timeouts": null,
            "vpc_id": "vpc-020408accd7767093"
          },
          "sensitive_attributes": [],
          "identity_schema_version": 0,
          "identity": {
            "account_id": "248032057693",
            "id": "subnet-08e1869aa4b8be042",
            "region": "eu-west-3"
          },
          "private": "eyJlMmJmYjczMC1lY2FhLTExZTYtOGY4OC0zNDM2M2JjN2M0YzAiOnsiY3JlYXRlIjo2MDAwMDAwMDAwMDAsImRlbGV0ZSI6MTIwMDAwMDAwMDAwMH0sInNjaGVtYV92ZXJzaW9uIjoiMSJ9",
          "dependencies": [
            "aws_vpc.main"
          ]
        }
      ]
    },
    {
      "mode": "managed",
      "type": "aws_subnet",
      "name": "public1",
      "provider": "provider[\"registry.terraform.io/hashicorp/aws\"]",
      "instances": [
        {
          "schema_version": 1,
          "attributes": {
            "arn": "arn:aws:ec2:eu-west-3:248032057693:subnet/subnet-064fec6a5d1f2abfa",
            "assign_ipv6_address_on_creation": false,
            "availability_zone": "eu-west-3a",
            "availability_zone_id": "euw3-az1",
            "cidr_block": "10.0.0.0/24",
            "customer_owned_ipv4_pool": "",
            "enable_dns64": false,
            "enable_lni_at_device_index": 0,
            "enable_resource_name_dns_a_record_on_launch": false,
            "enable_resource_name_dns_aaaa_record_on_launch": false,
            "id": "subnet-064fec6a5d1f2abfa",
            "ipv4_ipam_pool_id": null,
            "ipv4_netmask_length": null,
            "ipv6_cidr_block": "",
            "ipv6_cidr_block_association_id": "",
            "ipv6_ipam_pool_id": null,
            "ipv6_native": false,
            "ipv6_netmask_length": null,
            "map_customer_owned_ip_on_launch": false,
            "map_public_ip_on_launch": true,
            "outpost_arn": "",
            "owner_id": "248032057693",
            "private_dns_hostname_type_on_launch": "ip-name",
            "region": "eu-west-3",
            "tags": {
              "Name": "subnet-public1"
            },
            "tags_all": {
              "Name": "subnet-public1"
            },
            "timeouts": null,
            "vpc_id": "vpc-020408accd7767093"
          },
          "sensitive_attributes": [],
          "identity_schema_version": 0,
          "identity": {
            "account_id": "248032057693",
            "id": "subnet-064fec6a5d1f2abfa",
            "region": "eu-west-3"
          },
          "private": "eyJlMmJmYjczMC1lY2FhLTExZTYtOGY4OC0zNDM2M2JjN2M0YzAiOnsiY3JlYXRlIjo2MDAwMDAwMDAwMDAsImRlbGV0ZSI6MTIwMDAwMDAwMDAwMH0sInNjaGVtYV92ZXJzaW9uIjoiMSJ9",
          "dependencies": [
            "aws_vpc.main"
          ]
        }
      ]
    },
    {
      "mode": "managed",
      "type": "aws_subnet",
      "name": "public2",
      "provider": "provider[\"registry.terraform.io/hashicorp/aws\"]",
      "instances": [
        {
          "schema_version": 1,
          "attributes": {
            "arn": "arn:aws:ec2:eu-west-3:248032057693:subnet/subnet-0667e69ef8e44a10b",
            "assign_ipv6_address_on_creation": false,
            "availability_zone": "eu-west-3a",
            "availability_zone_id": "euw3-az1",
            "cidr_block": "10.0.1.0/24",
            "customer_owned_ipv4_pool": "",
            "enable_dns64": false,
            "enable_lni_at_device_index": 0,
            "enable_resource_name_dns_a_record_on_launch": false,
            "enable_resource_name_dns_aaaa_record_on_launch": false,
            "id": "subnet-0667e69ef8e44a10b",
            "ipv4_ipam_pool_id": null,
            "ipv4_netmask_length": null,
            "ipv6_cidr_block": "",
            "ipv6_cidr_block_association_id": "",
            "ipv6_ipam_pool_id": null,
            "ipv6_native": false,
            "ipv6_netmask_length": null,
            "map_customer_owned_ip_on_launch": false,
            "map_public_ip_on_launch": true,
            "outpost_arn": "",
            "owner_id": "248032057693",
            "private_dns_hostname_type_on_launch": "ip-name",
            "region": "eu-west-3",
            "tags": {
              "Name": "subnet-public2"
            },
            "tags_all": {
              "Name": "subnet-public2"
            },
            "timeouts": null,
            "vpc_id": "vpc-020408accd7767093"
          },
          "sensitive_attributes": [],
          "identity_schema_version": 0,
          "identity": {
            "account_id": "248032057693",
            "id": "subnet-0667e69ef8e44a10b",
            "region": "eu-west-3"
          },
          "private": "eyJlMmJmYjczMC1lY2FhLTExZTYtOGY4OC0zNDM2M2JjN2M0YzAiOnsiY3JlYXRlIjo2MDAwMDAwMDAwMDAsImRlbGV0ZSI6MTIwMDAwMDAwMDAwMH0sInNjaGVtYV92ZXJzaW9uIjoiMSJ9",
          "dependencies": [
            "aws_vpc.main"
          ]
        }
      ]
    },
    {
      "mode": "managed",
      "type": "aws_vpc",
      "name": "main",
      "provider": "provider[\"registry.terraform.io/hashicorp/aws\"]",
      "instances": [
        {
          "schema_version": 1,
          "attributes": {
            "arn": "arn:aws:ec2:eu-west-3:248032057693:vpc/vpc-020408accd7767093",
            "assign_generated_ipv6_cidr_block": false,
            "cidr_block": "10.0.0.0/16",
            "default_network_acl_id": "acl-0fd92a8e5a71e62e0",
            "default_route_table_id": "rtb-0429daf49711193e8",
            "default_security_group_id": "sg-03d59ff861b84d27c",
            "dhcp_options_id": "dopt-09865fc7288f45675",
            "enable_dns_hostnames": true,
            "enable_dns_support": true,
            "enable_network_address_usage_metrics": false,
            "id": "vpc-020408accd7767093",
            "instance_tenancy": "default",
            "ipv4_ipam_pool_id": null,
            "ipv4_netmask_length": null,
            "ipv6_association_id": "",
            "ipv6_cidr_block": "",
            "ipv6_cidr_block_network_border_group": "",
            "ipv6_ipam_pool_id": "",
            "ipv6_netmask_length": 0,
            "main_route_table_id": "rtb-0429daf49711193e8",
            "owner_id": "248032057693",
            "region": "eu-west-3",
            "tags": {},
            "tags_all": {}
          },
          "sensitive_attributes": [],
          "identity_schema_version": 0,
          "identity": {
            "account_id": "248032057693",
            "id": "vpc-020408accd7767093",
            "region": "eu-west-3"
          },
          "private": "eyJzY2hlbWFfdmVyc2lvbiI6IjEifQ=="
        }
      ]
    }
  ],
  "check_results": null
}
